// !$*UTF8*$!
{
	archiveVersion = 1;
	classes = {
	};
	objectVersion = 46;
	objects = {

/* Begin PBXBuildFile section */
		F93CB5751D7F74CA00E87D94 /* NotoSans-Bold.ttf in Resources */ = {isa = PBXBuildFile; fileRef = F93CB5711D7F74CA00E87D94 /* NotoSans-Bold.ttf */; };
		F93CB5761D7F74CA00E87D94 /* NotoSans-BoldItalic.ttf in Resources */ = {isa = PBXBuildFile; fileRef = F93CB5721D7F74CA00E87D94 /* NotoSans-BoldItalic.ttf */; };
		F93CB5771D7F74CA00E87D94 /* NotoSans-Italic.ttf in Resources */ = {isa = PBXBuildFile; fileRef = F93CB5731D7F74CA00E87D94 /* NotoSans-Italic.ttf */; };
		F93CB5781D7F74CA00E87D94 /* NotoSans-Regular.ttf in Resources */ = {isa = PBXBuildFile; fileRef = F93CB5741D7F74CA00E87D94 /* NotoSans-Regular.ttf */; };
		F9FF09001D7B94B400E092A1 /* AppDelegate.swift in Sources */ = {isa = PBXBuildFile; fileRef = F9FF08FF1D7B94B400E092A1 /* AppDelegate.swift */; };
		F9FF09021D7B94B400E092A1 /* ViewController.swift in Sources */ = {isa = PBXBuildFile; fileRef = F9FF09011D7B94B400E092A1 /* ViewController.swift */; };
		F9FF09051D7B94B400E092A1 /* Main.storyboard in Resources */ = {isa = PBXBuildFile; fileRef = F9FF09031D7B94B400E092A1 /* Main.storyboard */; };
		F9FF09071D7B94B400E092A1 /* Assets.xcassets in Resources */ = {isa = PBXBuildFile; fileRef = F9FF09061D7B94B400E092A1 /* Assets.xcassets */; };
		F9FF090A1D7B94B400E092A1 /* LaunchScreen.storyboard in Resources */ = {isa = PBXBuildFile; fileRef = F9FF09081D7B94B400E092A1 /* LaunchScreen.storyboard */; };
/* End PBXBuildFile section */

/* Begin PBXFileReference section */
		F93CB5711D7F74CA00E87D94 /* NotoSans-Bold.ttf */ = {isa = PBXFileReference; lastKnownFileType = file; path = "NotoSans-Bold.ttf"; sourceTree = "<group>"; };
		F93CB5721D7F74CA00E87D94 /* NotoSans-BoldItalic.ttf */ = {isa = PBXFileReference; lastKnownFileType = file; path = "NotoSans-BoldItalic.ttf"; sourceTree = "<group>"; };
		F93CB5731D7F74CA00E87D94 /* NotoSans-Italic.ttf */ = {isa = PBXFileReference; lastKnownFileType = file; path = "NotoSans-Italic.ttf"; sourceTree = "<group>"; };
		F93CB5741D7F74CA00E87D94 /* NotoSans-Regular.ttf */ = {isa = PBXFileReference; lastKnownFileType = file; path = "NotoSans-Regular.ttf"; sourceTree = "<group>"; };
		F9FF08FC1D7B94B400E092A1 /* car-loan-calculator.app */ = {isa = PBXFileReference; explicitFileType = wrapper.application; includeInIndex = 0; path = "car-loan-calculator.app"; sourceTree = BUILT_PRODUCTS_DIR; };
		F9FF08FF1D7B94B400E092A1 /* AppDelegate.swift */ = {isa = PBXFileReference; lastKnownFileType = sourcecode.swift; path = AppDelegate.swift; sourceTree = "<group>"; };
		F9FF09011D7B94B400E092A1 /* ViewController.swift */ = {isa = PBXFileReference; lastKnownFileType = sourcecode.swift; path = ViewController.swift; sourceTree = "<group>"; };
		F9FF09041D7B94B400E092A1 /* Base */ = {isa = PBXFileReference; lastKnownFileType = file.storyboard; name = Base; path = Base.lproj/Main.storyboard; sourceTree = "<group>"; };
		F9FF09061D7B94B400E092A1 /* Assets.xcassets */ = {isa = PBXFileReference; lastKnownFileType = folder.assetcatalog; path = Assets.xcassets; sourceTree = "<group>"; };
		F9FF09091D7B94B400E092A1 /* Base */ = {isa = PBXFileReference; lastKnownFileType = file.storyboard; name = Base; path = Base.lproj/LaunchScreen.storyboard; sourceTree = "<group>"; };
		F9FF090B1D7B94B400E092A1 /* Info.plist */ = {isa = PBXFileReference; lastKnownFileType = text.plist.xml; path = Info.plist; sourceTree = "<group>"; };
/* End PBXFileReference section */

/* Begin PBXFrameworksBuildPhase section */
		F9FF08F91D7B94B400E092A1 /* Frameworks */ = {
			isa = PBXFrameworksBuildPhase;
			buildActionMask = 2147483647;
			files = (
			);
			runOnlyForDeploymentPostprocessing = 0;
		};
/* End PBXFrameworksBuildPhase section */

/* Begin PBXGroup section */
		F93CB5701D7F74BD00E87D94 /* Resources */ = {
			isa = PBXGroup;
			children = (
				F93CB5711D7F74CA00E87D94 /* NotoSans-Bold.ttf */,
				F93CB5721D7F74CA00E87D94 /* NotoSans-BoldItalic.ttf */,
				F93CB5731D7F74CA00E87D94 /* NotoSans-Italic.ttf */,
				F93CB5741D7F74CA00E87D94 /* NotoSans-Regular.ttf */,
			);
			name = Resources;
			sourceTree = "<group>";
		};
		F9FF08F31D7B94B400E092A1 = {
			isa = PBXGroup;
			children = (
				F9FF08FE1D7B94B400E092A1 /* car-loan-calculator */,
				F9FF08FD1D7B94B400E092A1 /* Products */,
			);
			sourceTree = "<group>";
		};
		F9FF08FD1D7B94B400E092A1 /* Products */ = {
			isa = PBXGroup;
			children = (
				F9FF08FC1D7B94B400E092A1 /* car-loan-calculator.app */,
			);
			name = Products;
			sourceTree = "<group>";
		};
		F9FF08FE1D7B94B400E092A1 /* car-loan-calculator */ = {
			isa = PBXGroup;
			children = (
				F93CB5701D7F74BD00E87D94 /* Resources */,
				F9FF08FF1D7B94B400E092A1 /* AppDelegate.swift */,
				F9FF09011D7B94B400E092A1 /* ViewController.swift */,
				F9FF09031D7B94B400E092A1 /* Main.storyboard */,
				F9FF09061D7B94B400E092A1 /* Assets.xcassets */,
				F9FF09081D7B94B400E092A1 /* LaunchScreen.storyboard */,
				F9FF090B1D7B94B400E092A1 /* Info.plist */,
			);
			path = "car-loan-calculator";
			sourceTree = "<group>";
		};
/* End PBXGroup section */

/* Begin PBXNativeTarget section */
		F9FF08FB1D7B94B400E092A1 /* car-loan-calculator */ = {
			isa = PBXNativeTarget;
			buildConfigurationList = F9FF090E1D7B94B400E092A1 /* Build configuration list for PBXNativeTarget "car-loan-calculator" */;
			buildPhases = (
				F9FF08F81D7B94B400E092A1 /* Sources */,
				F9FF08F91D7B94B400E092A1 /* Frameworks */,
				F9FF08FA1D7B94B400E092A1 /* Resources */,
			);
			buildRules = (
			);
			dependencies = (
			);
			name = "car-loan-calculator";
			productName = "car-loan-calculator";
			productReference = F9FF08FC1D7B94B400E092A1 /* car-loan-calculator.app */;
			productType = "com.apple.product-type.application";
		};
/* End PBXNativeTarget section */

/* Begin PBXProject section */
		F9FF08F41D7B94B400E092A1 /* Project object */ = {
			isa = PBXProject;
			attributes = {
				LastSwiftUpdateCheck = 0730;
				LastUpgradeCheck = 0730;
				ORGANIZATIONNAME = "Adam Goth";
				TargetAttributes = {
					F9FF08FB1D7B94B400E092A1 = {
						CreatedOnToolsVersion = 7.3.1;
						DevelopmentTeam = M685F39Y73;
					};
				};
			};
			buildConfigurationList = F9FF08F71D7B94B400E092A1 /* Build configuration list for PBXProject "car-loan-calculator" */;
			compatibilityVersion = "Xcode 3.2";
			developmentRegion = English;
			hasScannedForEncodings = 0;
			knownRegions = (
				en,
				Base,
			);
			mainGroup = F9FF08F31D7B94B400E092A1;
			productRefGroup = F9FF08FD1D7B94B400E092A1 /* Products */;
			projectDirPath = "";
			projectRoot = "";
			targets = (
				F9FF08FB1D7B94B400E092A1 /* car-loan-calculator */,
			);
		};
/* End PBXProject section */

/* Begin PBXResourcesBuildPhase section */
		F9FF08FA1D7B94B400E092A1 /* Resources */ = {
			isa = PBXResourcesBuildPhase;
			buildActionMask = 2147483647;
			files = (
				F93CB5751D7F74CA00E87D94 /* NotoSans-Bold.ttf in Resources */,
				F9FF090A1D7B94B400E092A1 /* LaunchScreen.storyboard in Resources */,
				F93CB5761D7F74CA00E87D94 /* NotoSans-BoldItalic.ttf in Resources */,
				F93CB5771D7F74CA00E87D94 /* NotoSans-Italic.ttf in Resources */,
				F9FF09071D7B94B400E092A1 /* Assets.xcassets in Resources */,
				F9FF09051D7B94B400E092A1 /* Main.storyboard in Resources */,
				F93CB5781D7F74CA00E87D94 /* NotoSans-Regular.ttf in Resources */,
			);
			runOnlyForDeploymentPostprocessing = 0;
		};
/* End PBXResourcesBuildPhase section */

/* Begin PBXSourcesBuildPhase section */
		F9FF08F81D7B94B400E092A1 /* Sources */ = {
			isa = PBXSourcesBuildPhase;
			buildActionMask = 2147483647;
			files = (
				F9FF09021D7B94B400E092A1 /* ViewController.swift in Sources */,
				F9FF09001D7B94B400E092A1 /* AppDelegate.swift in Sources */,
			);
			runOnlyForDeploymentPostprocessing = 0;
		};
/* End PBXSourcesBuildPhase section */

/* Begin PBXVariantGroup section */
		F9FF09031D7B94B400E092A1 /* Main.storyboard */ = {
			isa = PBXVariantGroup;
			children = (
				F9FF09041D7B94B400E092A1 /* Base */,
			);
			name = Main.storyboard;
			sourceTree = "<group>";
		};
		F9FF09081D7B94B400E092A1 /* LaunchScreen.storyboard */ = {
			isa = PBXVariantGroup;
			children = (
				F9FF09091D7B94B400E092A1 /* Base */,
			);
			name = LaunchScreen.storyboard;
			sourceTree = "<group>";
		};
/* End PBXVariantGroup section */

/* Begin XCBuildConfiguration section */
		F9FF090C1D7B94B400E092A1 /* Debug */ = {
			isa = XCBuildConfiguration;
			buildSettings = {
				ALWAYS_SEARCH_USER_PATHS = NO;
				CLANG_ANALYZER_NONNULL = YES;
				CLANG_CXX_LANGUAGE_STANDARD = "gnu++0x";
				CLANG_CXX_LIBRARY = "libc++";
				CLANG_ENABLE_MODULES = YES;
				CLANG_ENABLE_OBJC_ARC = YES;
				CLANG_WARN_BOOL_CONVERSION = YES;
				CLANG_WARN_CONSTANT_CONVERSION = YES;
				CLANG_WARN_DIRECT_OBJC_ISA_USAGE = YES_ERROR;
				CLANG_WARN_EMPTY_BODY = YES;
				CLANG_WARN_ENUM_CONVERSION = YES;
				CLANG_WARN_INT_CONVERSION = YES;
				CLANG_WARN_OBJC_ROOT_CLASS = YES_ERROR;
				CLANG_WARN_UNREACHABLE_CODE = YES;
				CLANG_WARN__DUPLICATE_METHOD_MATCH = YES;
				"CODE_SIGN_IDENTITY[sdk=iphoneos*]" = "iPhone Developer";
				COPY_PHASE_STRIP = NO;
				DEBUG_INFORMATION_FORMAT = dwarf;
				ENABLE_STRICT_OBJC_MSGSEND = YES;
				ENABLE_TESTABILITY = YES;
				GCC_C_LANGUAGE_STANDARD = gnu99;
				GCC_DYNAMIC_NO_PIC = NO;
				GCC_NO_COMMON_BLOCKS = YES;
				GCC_OPTIMIZATION_LEVEL = 0;
				GCC_PREPROCESSOR_DEFINITIONS = (
					"DEBUG=1",
					"$(inherited)",
				);
				GCC_WARN_64_TO_32_BIT_CONVERSION = YES;
				GCC_WARN_ABOUT_RETURN_TYPE = YES_ERROR;
				GCC_WARN_UNDECLARED_SELECTOR = YES;
				GCC_WARN_UNINITIALIZED_AUTOS = YES_AGGRESSIVE;
				GCC_WARN_UNUSED_FUNCTION = YES;
				GCC_WARN_UNUSED_VARIABLE = YES;
				IPHONEOS_DEPLOYMENT_TARGET = 9.3;
				MTL_ENABLE_DEBUG_INFO = YES;
				ONLY_ACTIVE_ARCH = YES;
				SDKROOT = iphoneos;
				SWIFT_OPTIMIZATION_LEVEL = "-Onone";
				TARGETED_DEVICE_FAMILY = "1,2";
			};
			name = Debug;
		};
		F9FF090D1D7B94B400E092A1 /* Release */ = {
			isa = XCBuildConfiguration;
			buildSettings = {
				ALWAYS_SEARCH_USER_PATHS = NO;
				CLANG_ANALYZER_NONNULL = YES;
				CLANG_CXX_LANGUAGE_STANDARD = "gnu++0x";
				CLANG_CXX_LIBRARY = "libc++";
				CLANG_ENABLE_MODULES = YES;
				CLANG_ENABLE_OBJC_ARC = YES;
				CLANG_WARN_BOOL_CONVERSION = YES;
				CLANG_WARN_CONSTANT_CONVERSION = YES;
				CLANG_WARN_DIRECT_OBJC_ISA_USAGE = YES_ERROR;
				CLANG_WARN_EMPTY_BODY = YES;
				CLANG_WARN_ENUM_CONVERSION = YES;
				CLANG_WARN_INT_CONVERSION = YES;
				CLANG_WARN_OBJC_ROOT_CLASS = YES_ERROR;
				CLANG_WARN_UNREACHABLE_CODE = YES;
				CLANG_WARN__DUPLICATE_METHOD_MATCH = YES;
				"CODE_SIGN_IDENTITY[sdk=iphoneos*]" = "iPhone Developer";
				COPY_PHASE_STRIP = NO;
				DEBUG_INFORMATION_FORMAT = "dwarf-with-dsym";
				ENABLE_NS_ASSERTIONS = NO;
				ENABLE_STRICT_OBJC_MSGSEND = YES;
				GCC_C_LANGUAGE_STANDARD = gnu99;
				GCC_NO_COMMON_BLOCKS = YES;
				GCC_WARN_64_TO_32_BIT_CONVERSION = YES;
				GCC_WARN_ABOUT_RETURN_TYPE = YES_ERROR;
				GCC_WARN_UNDECLARED_SELECTOR = YES;
				GCC_WARN_UNINITIALIZED_AUTOS = YES_AGGRESSIVE;
				GCC_WARN_UNUSED_FUNCTION = YES;
				GCC_WARN_UNUSED_VARIABLE = YES;
				IPHONEOS_DEPLOYMENT_TARGET = 9.3;
				MTL_ENABLE_DEBUG_INFO = NO;
				SDKROOT = iphoneos;
				TARGETED_DEVICE_FAMILY = "1,2";
				VALIDATE_PRODUCT = YES;
			};
			name = Release;
		};
		F9FF090F1D7B94B400E092A1 /* Debug */ = {
			isa = XCBuildConfiguration;
			buildSettings = {
				ASSETCATALOG_COMPILER_APPICON_NAME = AppIcon;
				CODE_SIGN_IDENTITY = "iPhone Developer";
				"CODE_SIGN_IDENTITY[sdk=iphoneos*]" = "iPhone Developer";
				INFOPLIST_FILE = "car-loan-calculator/Info.plist";
				LD_RUNPATH_SEARCH_PATHS = "$(inherited) @executable_path/Frameworks";
				PRODUCT_BUNDLE_IDENTIFIER = "com.adamgoth.car-loan-calculator";
				PRODUCT_NAME = "$(TARGET_NAME)";
				PROVISIONING_PROFILE = "";
			};
			name = Debug;
		};
		F9FF09101D7B94B400E092A1 /* Release */ = {
			isa = XCBuildConfiguration;
			buildSettings = {
				ASSETCATALOG_COMPILER_APPICON_NAME = AppIcon;
				CODE_SIGN_IDENTITY = "iPhone Developer";
				"CODE_SIGN_IDENTITY[sdk=iphoneos*]" = "iPhone Developer";
				INFOPLIST_FILE = "car-loan-calculator/Info.plist";
				LD_RUNPATH_SEARCH_PATHS = "$(inherited) @executable_path/Frameworks";
				PRODUCT_BUNDLE_IDENTIFIER = "com.adamgoth.car-loan-calculator";
				PRODUCT_NAME = "$(TARGET_NAME)";
				PROVISIONING_PROFILE = "";
			};
			name = Release;
		};
/* End XCBuildConfiguration section */

/* Begin XCConfigurationList section */
		F9FF08F71D7B94B400E092A1 /* Build configuration list for PBXProject "car-loan-calculator" */ = {
			isa = XCConfigurationList;
			buildConfigurations = (
				F9FF090C1D7B94B400E092A1 /* Debug */,
				F9FF090D1D7B94B400E092A1 /* Release */,
			);
			defaultConfigurationIsVisible = 0;
			defaultConfigurationName = Release;
		};
		F9FF090E1D7B94B400E092A1 /* Build configuration list for PBXNativeTarget "car-loan-calculator" */ = {
			isa = XCConfigurationList;
			buildConfigurations = (
				F9FF090F1D7B94B400E092A1 /* Debug */,
				F9FF09101D7B94B400E092A1 /* Release */,
			);
			defaultConfigurationIsVisible = 0;
			defaultConfigurationName = Release;
		};
/* End XCConfigurationList section */
	};
	rootObject = F9FF08F41D7B94B400E092A1 /* Project object */;
}
